
Microsoft Visual Studio Solution File, Format Version 12.00
# Visual Studio 15
VisualStudioVersion = 15.0.27130.0
MinimumVisualStudioVersion = 10.0.40219.1
Project("{FAE04EC0-301F-11D3-BF4B-00C04F79EFBC}") = "SQLiteRepositoryDemo", "SQLiteRepositoryDemo\SQLiteRepositoryDemo\SQLiteRepositoryDemo.csproj", "{C226BFF3-5E7B-4D0F-8123-1A41B89E6A95}"
EndProject
Project("{FAE04EC0-301F-11D3-BF4B-00C04F79EFBC}") = "SQLiteRepositoryDemo.Android", "SQLiteRepositoryDemo\SQLiteRepositoryDemo.Android\SQLiteRepositoryDemo.Android.csproj", "{407C3405-0A4E-49F9-BEC3-54DE2DF25709}"
EndProject
Project("{FAE04EC0-301F-11D3-BF4B-00C04F79EFBC}") = "SQLiteRepositoryDemo.iOS", "SQLiteRepositoryDemo\SQLiteRepositoryDemo.iOS\SQLiteRepositoryDemo.iOS.csproj", "{E5951761-F4A1-4CDA-9338-1BE8E350AE84}"
EndProject
Project("{FAE04EC0-301F-11D3-BF4B-00C04F79EFBC}") = "SQLiteRepositoryDemo.UWP", "SQLiteRepositoryDemo\SQLiteRepositoryDemo.UWP\SQLiteRepositoryDemo.UWP.csproj", "{4C3AAD3A-ACE5-4C2B-9111-B16B416BF4CD}"
EndProject
Global
	GlobalSection(SolutionConfigurationPlatforms) = preSolution
		Ad-Hoc|Any CPU = Ad-Hoc|Any CPU
		Ad-Hoc|ARM = Ad-Hoc|ARM
		Ad-Hoc|iPhone = Ad-Hoc|iPhone
		Ad-Hoc|iPhoneSimulator = Ad-Hoc|iPhoneSimulator
		Ad-Hoc|x64 = Ad-Hoc|x64
		Ad-Hoc|x86 = Ad-Hoc|x86
		AppStore|Any CPU = AppStore|Any CPU
		AppStore|ARM = AppStore|ARM
		AppStore|iPhone = AppStore|iPhone
		AppStore|iPhoneSimulator = AppStore|iPhoneSimulator
		AppStore|x64 = AppStore|x64
		AppStore|x86 = AppStore|x86
		Debug|Any CPU = Debug|Any CPU
		Debug|ARM = Debug|ARM
		Debug|iPhone = Debug|iPhone
		Debug|iPhoneSimulator = Debug|iPhoneSimulator
		Debug|x64 = Debug|x64
		Debug|x86 = Debug|x86
		Release|Any CPU = Release|Any CPU
		Release|ARM = Release|ARM
		Release|iPhone = Release|iPhone
		Release|iPhoneSimulator = Release|iPhoneSimulator
		Release|x64 = Release|x64
		Release|x86 = Release|x86
	EndGlobalSection
	GlobalSection(ProjectConfigurationPlatforms) = postSolution
		{C226BFF3-5E7B-4D0F-8123-1A41B89E6A95}.Ad-Hoc|Any CPU.ActiveCfg = Debug|Any CPU
		{C226BFF3-5E7B-4D0F-8123-1A41B89E6A95}.Ad-Hoc|Any CPU.Build.0 = Debug|Any CPU
		{C226BFF3-5E7B-4D0F-8123-1A41B89E6A95}.Ad-Hoc|ARM.ActiveCfg = Debug|Any CPU
		{C226BFF3-5E7B-4D0F-8123-1A41B89E6A95}.Ad-Hoc|ARM.Build.0 = Debug|Any CPU
		{C226BFF3-5E7B-4D0F-8123-1A41B89E6A95}.Ad-Hoc|iPhone.ActiveCfg = Debug|Any CPU
		{C226BFF3-5E7B-4D0F-8123-1A41B89E6A95}.Ad-Hoc|iPhone.Build.0 = Debug|Any CPU
		{C226BFF3-5E7B-4D0F-8123-1A41B89E6A95}.Ad-Hoc|iPhoneSimulator.ActiveCfg = Debug|Any CPU
		{C226BFF3-5E7B-4D0F-8123-1A41B89E6A95}.Ad-Hoc|iPhoneSimulator.Build.0 = Debug|Any CPU
		{C226BFF3-5E7B-4D0F-8123-1A41B89E6A95}.Ad-Hoc|x64.ActiveCfg = Debug|Any CPU
		{C226BFF3-5E7B-4D0F-8123-1A41B89E6A95}.Ad-Hoc|x64.Build.0 = Debug|Any CPU
		{C226BFF3-5E7B-4D0F-8123-1A41B89E6A95}.Ad-Hoc|x86.ActiveCfg = Debug|Any CPU
		{C226BFF3-5E7B-4D0F-8123-1A41B89E6A95}.Ad-Hoc|x86.Build.0 = Debug|Any CPU
		{C226BFF3-5E7B-4D0F-8123-1A41B89E6A95}.AppStore|Any CPU.ActiveCfg = Debug|Any CPU
		{C226BFF3-5E7B-4D0F-8123-1A41B89E6A95}.AppStore|Any CPU.Build.0 = Debug|Any CPU
		{C226BFF3-5E7B-4D0F-8123-1A41B89E6A95}.AppStore|ARM.ActiveCfg = Debug|Any CPU
		{C226BFF3-5E7B-4D0F-8123-1A41B89E6A95}.AppStore|ARM.Build.0 = Debug|Any CPU
		{C226BFF3-5E7B-4D0F-8123-1A41B89E6A95}.AppStore|iPhone.ActiveCfg = Debug|Any CPU
		{C226BFF3-5E7B-4D0F-8123-1A41B89E6A95}.AppStore|iPhone.Build.0 = Debug|Any CPU
		{C226BFF3-5E7B-4D0F-8123-1A41B89E6A95}.AppStore|iPhoneSimulator.ActiveCfg = Debug|Any CPU
		{C226BFF3-5E7B-4D0F-8123-1A41B89E6A95}.AppStore|iPhoneSimulator.Build.0 = Debug|Any CPU
		{C226BFF3-5E7B-4D0F-8123-1A41B89E6A95}.AppStore|x64.ActiveCfg = Debug|Any CPU
		{C226BFF3-5E7B-4D0F-8123-1A41B89E6A95}.AppStore|x64.Build.0 = Debug|Any CPU
		{C226BFF3-5E7B-4D0F-8123-1A41B89E6A95}.AppStore|x86.ActiveCfg = Debug|Any CPU
		{C226BFF3-5E7B-4D0F-8123-1A41B89E6A95}.AppStore|x86.Build.0 = Debug|Any CPU
		{C226BFF3-5E7B-4D0F-8123-1A41B89E6A95}.Debug|Any CPU.ActiveCfg = Debug|Any CPU
		{C226BFF3-5E7B-4D0F-8123-1A41B89E6A95}.Debug|Any CPU.Build.0 = Debug|Any CPU
		{C226BFF3-5E7B-4D0F-8123-1A41B89E6A95}.Debug|ARM.ActiveCfg = Debug|Any CPU
		{C226BFF3-5E7B-4D0F-8123-1A41B89E6A95}.Debug|ARM.Build.0 = Debug|Any CPU
		{C226BFF3-5E7B-4D0F-8123-1A41B89E6A95}.Debug|iPhone.ActiveCfg = Debug|Any CPU
		{C226BFF3-5E7B-4D0F-8123-1A41B89E6A95}.Debug|iPhone.Build.0 = Debug|Any CPU
		{C226BFF3-5E7B-4D0F-8123-1A41B89E6A95}.Debug|iPhoneSimulator.ActiveCfg = Debug|Any CPU
		{C226BFF3-5E7B-4D0F-8123-1A41B89E6A95}.Debug|iPhoneSimulator.Build.0 = Debug|Any CPU
		{C226BFF3-5E7B-4D0F-8123-1A41B89E6A95}.Debug|x64.ActiveCfg = Debug|Any CPU
		{C226BFF3-5E7B-4D0F-8123-1A41B89E6A95}.Debug|x64.Build.0 = Debug|Any CPU
		{C226BFF3-5E7B-4D0F-8123-1A41B89E6A95}.Debug|x86.ActiveCfg = Debug|Any CPU
		{C226BFF3-5E7B-4D0F-8123-1A41B89E6A95}.Debug|x86.Build.0 = Debug|Any CPU
		{C226BFF3-5E7B-4D0F-8123-1A41B89E6A95}.Release|Any CPU.ActiveCfg = Release|Any CPU
		{C226BFF3-5E7B-4D0F-8123-1A41B89E6A95}.Release|Any CPU.Build.0 = Release|Any CPU
		{C226BFF3-5E7B-4D0F-8123-1A41B89E6A95}.Release|ARM.ActiveCfg = Release|Any CPU
		{C226BFF3-5E7B-4D0F-8123-1A41B89E6A95}.Release|ARM.Build.0 = Release|Any CPU
		{C226BFF3-5E7B-4D0F-8123-1A41B89E6A95}.Release|iPhone.ActiveCfg = Release|Any CPU
		{C226BFF3-5E7B-4D0F-8123-1A41B89E6A95}.Release|iPhone.Build.0 = Release|Any CPU
		{C226BFF3-5E7B-4D0F-8123-1A41B89E6A95}.Release|iPhoneSimulator.ActiveCfg = Release|Any CPU
		{C226BFF3-5E7B-4D0F-8123-1A41B89E6A95}.Release|iPhoneSimulator.Build.0 = Release|Any CPU
		{C226BFF3-5E7B-4D0F-8123-1A41B89E6A95}.Release|x64.ActiveCfg = Release|Any CPU
		{C226BFF3-5E7B-4D0F-8123-1A41B89E6A95}.Release|x64.Build.0 = Release|Any CPU
		{C226BFF3-5E7B-4D0F-8123-1A41B89E6A95}.Release|x86.ActiveCfg = Release|Any CPU
		{C226BFF3-5E7B-4D0F-8123-1A41B89E6A95}.Release|x86.Build.0 = Release|Any CPU
		{407C3405-0A4E-49F9-BEC3-54DE2DF25709}.Ad-Hoc|Any CPU.ActiveCfg = Release|Any CPU
		{407C3405-0A4E-49F9-BEC3-54DE2DF25709}.Ad-Hoc|Any CPU.Build.0 = Release|Any CPU
		{407C3405-0A4E-49F9-BEC3-54DE2DF25709}.Ad-Hoc|Any CPU.Deploy.0 = Release|Any CPU
		{407C3405-0A4E-49F9-BEC3-54DE2DF25709}.Ad-Hoc|ARM.ActiveCfg = Release|Any CPU
		{407C3405-0A4E-49F9-BEC3-54DE2DF25709}.Ad-Hoc|ARM.Build.0 = Release|Any CPU
		{407C3405-0A4E-49F9-BEC3-54DE2DF25709}.Ad-Hoc|ARM.Deploy.0 = Release|Any CPU
		{407C3405-0A4E-49F9-BEC3-54DE2DF25709}.Ad-Hoc|iPhone.ActiveCfg = Release|Any CPU
		{407C3405-0A4E-49F9-BEC3-54DE2DF25709}.Ad-Hoc|iPhone.Build.0 = Release|Any CPU
		{407C3405-0A4E-49F9-BEC3-54DE2DF25709}.Ad-Hoc|iPhone.Deploy.0 = Release|Any CPU
		{407C3405-0A4E-49F9-BEC3-54DE2DF25709}.Ad-Hoc|iPhoneSimulator.ActiveCfg = Release|Any CPU
		{407C3405-0A4E-49F9-BEC3-54DE2DF25709}.Ad-Hoc|iPhoneSimulator.Build.0 = Release|Any CPU
		{407C3405-0A4E-49F9-BEC3-54DE2DF25709}.Ad-Hoc|iPhoneSimulator.Deploy.0 = Release|Any CPU
		{407C3405-0A4E-49F9-BEC3-54DE2DF25709}.Ad-Hoc|x64.ActiveCfg = Release|Any CPU
		{407C3405-0A4E-49F9-BEC3-54DE2DF25709}.Ad-Hoc|x64.Build.0 = Release|Any CPU
		{407C3405-0A4E-49F9-BEC3-54DE2DF25709}.Ad-Hoc|x64.Deploy.0 = Release|Any CPU
		{407C3405-0A4E-49F9-BEC3-54DE2DF25709}.Ad-Hoc|x86.ActiveCfg = Release|Any CPU
		{407C3405-0A4E-49F9-BEC3-54DE2DF25709}.Ad-Hoc|x86.Build.0 = Release|Any CPU
		{407C3405-0A4E-49F9-BEC3-54DE2DF25709}.Ad-Hoc|x86.Deploy.0 = Release|Any CPU
		{407C3405-0A4E-49F9-BEC3-54DE2DF25709}.AppStore|Any CPU.ActiveCfg = Release|Any CPU
		{407C3405-0A4E-49F9-BEC3-54DE2DF25709}.AppStore|Any CPU.Build.0 = Release|Any CPU
		{407C3405-0A4E-49F9-BEC3-54DE2DF25709}.AppStore|Any CPU.Deploy.0 = Release|Any CPU
		{407C3405-0A4E-49F9-BEC3-54DE2DF25709}.AppStore|ARM.ActiveCfg = Release|Any CPU
		{407C3405-0A4E-49F9-BEC3-54DE2DF25709}.AppStore|ARM.Build.0 = Release|Any CPU
		{407C3405-0A4E-49F9-BEC3-54DE2DF25709}.AppStore|ARM.Deploy.0 = Release|Any CPU
		{407C3405-0A4E-49F9-BEC3-54DE2DF25709}.AppStore|iPhone.ActiveCfg = Release|Any CPU
		{407C3405-0A4E-49F9-BEC3-54DE2DF25709}.AppStore|iPhone.Build.0 = Release|Any CPU
		{407C3405-0A4E-49F9-BEC3-54DE2DF25709}.AppStore|iPhone.Deploy.0 = Release|Any CPU
		{407C3405-0A4E-49F9-BEC3-54DE2DF25709}.AppStore|iPhoneSimulator.ActiveCfg = Release|Any CPU
		{407C3405-0A4E-49F9-BEC3-54DE2DF25709}.AppStore|iPhoneSimulator.Build.0 = Release|Any CPU
		{407C3405-0A4E-49F9-BEC3-54DE2DF25709}.AppStore|iPhoneSimulator.Deploy.0 = Release|Any CPU
		{407C3405-0A4E-49F9-BEC3-54DE2DF25709}.AppStore|x64.ActiveCfg = Release|Any CPU
		{407C3405-0A4E-49F9-BEC3-54DE2DF25709}.AppStore|x64.Build.0 = Release|Any CPU
		{407C3405-0A4E-49F9-BEC3-54DE2DF25709}.AppStore|x64.Deploy.0 = Release|Any CPU
		{407C3405-0A4E-49F9-BEC3-54DE2DF25709}.AppStore|x86.ActiveCfg = Release|Any CPU
		{407C3405-0A4E-49F9-BEC3-54DE2DF25709}.AppStore|x86.Build.0 = Release|Any CPU
		{407C3405-0A4E-49F9-BEC3-54DE2DF25709}.AppStore|x86.Deploy.0 = Release|Any CPU
		{407C3405-0A4E-49F9-BEC3-54DE2DF25709}.Debug|Any CPU.ActiveCfg = Debug|Any CPU
		{407C3405-0A4E-49F9-BEC3-54DE2DF25709}.Debug|Any CPU.Build.0 = Debug|Any CPU
		{407C3405-0A4E-49F9-BEC3-54DE2DF25709}.Debug|Any CPU.Deploy.0 = Debug|Any CPU
		{407C3405-0A4E-49F9-BEC3-54DE2DF25709}.Debug|ARM.ActiveCfg = Debug|Any CPU
		{407C3405-0A4E-49F9-BEC3-54DE2DF25709}.Debug|ARM.Build.0 = Debug|Any CPU
		{407C3405-0A4E-49F9-BEC3-54DE2DF25709}.Debug|ARM.Deploy.0 = Debug|Any CPU
		{407C3405-0A4E-49F9-BEC3-54DE2DF25709}.Debug|iPhone.ActiveCfg = Debug|Any CPU
		{407C3405-0A4E-49F9-BEC3-54DE2DF25709}.Debug|iPhone.Build.0 = Debug|Any CPU
		{407C3405-0A4E-49F9-BEC3-54DE2DF25709}.Debug|iPhone.Deploy.0 = Debug|Any CPU
		{407C3405-0A4E-49F9-BEC3-54DE2DF25709}.Debug|iPhoneSimulator.ActiveCfg = Debug|Any CPU
		{407C3405-0A4E-49F9-BEC3-54DE2DF25709}.Debug|iPhoneSimulator.Build.0 = Debug|Any CPU
		{407C3405-0A4E-49F9-BEC3-54DE2DF25709}.Debug|iPhoneSimulator.Deploy.0 = Debug|Any CPU
		{407C3405-0A4E-49F9-BEC3-54DE2DF25709}.Debug|x64.ActiveCfg = Debug|Any CPU
		{407C3405-0A4E-49F9-BEC3-54DE2DF25709}.Debug|x64.Build.0 = Debug|Any CPU
		{407C3405-0A4E-49F9-BEC3-54DE2DF25709}.Debug|x64.Deploy.0 = Debug|Any CPU
		{407C3405-0A4E-49F9-BEC3-54DE2DF25709}.Debug|x86.ActiveCfg = Debug|Any CPU
		{407C3405-0A4E-49F9-BEC3-54DE2DF25709}.Debug|x86.Build.0 = Debug|Any CPU
		{407C3405-0A4E-49F9-BEC3-54DE2DF25709}.Debug|x86.Deploy.0 = Debug|Any CPU
		{407C3405-0A4E-49F9-BEC3-54DE2DF25709}.Release|Any CPU.ActiveCfg = Release|Any CPU
		{407C3405-0A4E-49F9-BEC3-54DE2DF25709}.Release|Any CPU.Build.0 = Release|Any CPU
		{407C3405-0A4E-49F9-BEC3-54DE2DF25709}.Release|Any CPU.Deploy.0 = Release|Any CPU
		{407C3405-0A4E-49F9-BEC3-54DE2DF25709}.Release|ARM.ActiveCfg = Release|Any CPU
		{407C3405-0A4E-49F9-BEC3-54DE2DF25709}.Release|ARM.Build.0 = Release|Any CPU
		{407C3405-0A4E-49F9-BEC3-54DE2DF25709}.Release|ARM.Deploy.0 = Release|Any CPU
		{407C3405-0A4E-49F9-BEC3-54DE2DF25709}.Release|iPhone.ActiveCfg = Release|Any CPU
		{407C3405-0A4E-49F9-BEC3-54DE2DF25709}.Release|iPhone.Build.0 = Release|Any CPU
		{407C3405-0A4E-49F9-BEC3-54DE2DF25709}.Release|iPhone.Deploy.0 = Release|Any CPU
		{407C3405-0A4E-49F9-BEC3-54DE2DF25709}.Release|iPhoneSimulator.ActiveCfg = Release|Any CPU
		{407C3405-0A4E-49F9-BEC3-54DE2DF25709}.Release|iPhoneSimulator.Build.0 = Release|Any CPU
		{407C3405-0A4E-49F9-BEC3-54DE2DF25709}.Release|iPhoneSimulator.Deploy.0 = Release|Any CPU
		{407C3405-0A4E-49F9-BEC3-54DE2DF25709}.Release|x64.ActiveCfg = Release|Any CPU
		{407C3405-0A4E-49F9-BEC3-54DE2DF25709}.Release|x64.Build.0 = Release|Any CPU
		{407C3405-0A4E-49F9-BEC3-54DE2DF25709}.Release|x64.Deploy.0 = Release|Any CPU
		{407C3405-0A4E-49F9-BEC3-54DE2DF25709}.Release|x86.ActiveCfg = Release|Any CPU
		{407C3405-0A4E-49F9-BEC3-54DE2DF25709}.Release|x86.Build.0 = Release|Any CPU
		{407C3405-0A4E-49F9-BEC3-54DE2DF25709}.Release|x86.Deploy.0 = Release|Any CPU
		{E5951761-F4A1-4CDA-9338-1BE8E350AE84}.Ad-Hoc|Any CPU.ActiveCfg = Ad-Hoc|iPhone
		{E5951761-F4A1-4CDA-9338-1BE8E350AE84}.Ad-Hoc|ARM.ActiveCfg = Ad-Hoc|iPhone
		{E5951761-F4A1-4CDA-9338-1BE8E350AE84}.Ad-Hoc|iPhone.ActiveCfg = Ad-Hoc|iPhone
		{E5951761-F4A1-4CDA-9338-1BE8E350AE84}.Ad-Hoc|iPhone.Build.0 = Ad-Hoc|iPhone
		{E5951761-F4A1-4CDA-9338-1BE8E350AE84}.Ad-Hoc|iPhoneSimulator.ActiveCfg = Ad-Hoc|iPhoneSimulator
		{E5951761-F4A1-4CDA-9338-1BE8E350AE84}.Ad-Hoc|iPhoneSimulator.Build.0 = Ad-Hoc|iPhoneSimulator
		{E5951761-F4A1-4CDA-9338-1BE8E350AE84}.Ad-Hoc|x64.ActiveCfg = Ad-Hoc|iPhone
		{E5951761-F4A1-4CDA-9338-1BE8E350AE84}.Ad-Hoc|x86.ActiveCfg = Ad-Hoc|iPhone
		{E5951761-F4A1-4CDA-9338-1BE8E350AE84}.AppStore|Any CPU.ActiveCfg = AppStore|iPhone
		{E5951761-F4A1-4CDA-9338-1BE8E350AE84}.AppStore|ARM.ActiveCfg = AppStore|iPhone
		{E5951761-F4A1-4CDA-9338-1BE8E350AE84}.AppStore|iPhone.ActiveCfg = AppStore|iPhone
		{E5951761-F4A1-4CDA-9338-1BE8E350AE84}.AppStore|iPhone.Build.0 = AppStore|iPhone
		{E5951761-F4A1-4CDA-9338-1BE8E350AE84}.AppStore|iPhoneSimulator.ActiveCfg = AppStore|iPhoneSimulator
		{E5951761-F4A1-4CDA-9338-1BE8E350AE84}.AppStore|iPhoneSimulator.Build.0 = AppStore|iPhoneSimulator
		{E5951761-F4A1-4CDA-9338-1BE8E350AE84}.AppStore|x64.ActiveCfg = AppStore|iPhone
		{E5951761-F4A1-4CDA-9338-1BE8E350AE84}.AppStore|x86.ActiveCfg = AppStore|iPhone
		{E5951761-F4A1-4CDA-9338-1BE8E350AE84}.Debug|Any CPU.ActiveCfg = Debug|iPhone
		{E5951761-F4A1-4CDA-9338-1BE8E350AE84}.Debug|ARM.ActiveCfg = Debug|iPhone
		{E5951761-F4A1-4CDA-9338-1BE8E350AE84}.Debug|iPhone.ActiveCfg = Debug|iPhone
		{E5951761-F4A1-4CDA-9338-1BE8E350AE84}.Debug|iPhone.Build.0 = Debug|iPhone
		{E5951761-F4A1-4CDA-9338-1BE8E350AE84}.Debug|iPhoneSimulator.ActiveCfg = Debug|iPhoneSimulator
		{E5951761-F4A1-4CDA-9338-1BE8E350AE84}.Debug|iPhoneSimulator.Build.0 = Debug|iPhoneSimulator
		{E5951761-F4A1-4CDA-9338-1BE8E350AE84}.Debug|x64.ActiveCfg = Debug|iPhone
		{E5951761-F4A1-4CDA-9338-1BE8E350AE84}.Debug|x86.ActiveCfg = Debug|iPhone
		{E5951761-F4A1-4CDA-9338-1BE8E350AE84}.Release|Any CPU.ActiveCfg = Release|iPhone
		{E5951761-F4A1-4CDA-9338-1BE8E350AE84}.Release|ARM.ActiveCfg = Release|iPhone
		{E5951761-F4A1-4CDA-9338-1BE8E350AE84}.Release|iPhone.ActiveCfg = Release|iPhone
		{E5951761-F4A1-4CDA-9338-1BE8E350AE84}.Release|iPhone.Build.0 = Release|iPhone
		{E5951761-F4A1-4CDA-9338-1BE8E350AE84}.Release|iPhoneSimulator.ActiveCfg = Release|iPhoneSimulator
		{E5951761-F4A1-4CDA-9338-1BE8E350AE84}.Release|iPhoneSimulator.Build.0 = Release|iPhoneSimulator
		{E5951761-F4A1-4CDA-9338-1BE8E350AE84}.Release|x64.ActiveCfg = Release|iPhone
		{E5951761-F4A1-4CDA-9338-1BE8E350AE84}.Release|x86.ActiveCfg = Release|iPhone
		{4C3AAD3A-ACE5-4C2B-9111-B16B416BF4CD}.Ad-Hoc|Any CPU.ActiveCfg = Release|x86
		{4C3AAD3A-ACE5-4C2B-9111-B16B416BF4CD}.Ad-Hoc|Any CPU.Build.0 = Release|x86
		{4C3AAD3A-ACE5-4C2B-9111-B16B416BF4CD}.Ad-Hoc|Any CPU.Deploy.0 = Release|x86
		{4C3AAD3A-ACE5-4C2B-9111-B16B416BF4CD}.Ad-Hoc|ARM.ActiveCfg = Release|ARM
		{4C3AAD3A-ACE5-4C2B-9111-B16B416BF4CD}.Ad-Hoc|ARM.Build.0 = Release|ARM
		{4C3AAD3A-ACE5-4C2B-9111-B16B416BF4CD}.Ad-Hoc|ARM.Deploy.0 = Release|ARM
		{4C3AAD3A-ACE5-4C2B-9111-B16B416BF4CD}.Ad-Hoc|iPhone.ActiveCfg = Release|x86
		{4C3AAD3A-ACE5-4C2B-9111-B16B416BF4CD}.Ad-Hoc|iPhone.Build.0 = Release|x86
		{4C3AAD3A-ACE5-4C2B-9111-B16B416BF4CD}.Ad-Hoc|iPhone.Deploy.0 = Release|x86
		{4C3AAD3A-ACE5-4C2B-9111-B16B416BF4CD}.Ad-Hoc|iPhoneSimulator.ActiveCfg = Release|x86
		{4C3AAD3A-ACE5-4C2B-9111-B16B416BF4CD}.Ad-Hoc|iPhoneSimulator.Build.0 = Release|x86
		{4C3AAD3A-ACE5-4C2B-9111-B16B416BF4CD}.Ad-Hoc|iPhoneSimulator.Deploy.0 = Release|x86
		{4C3AAD3A-ACE5-4C2B-9111-B16B416BF4CD}.Ad-Hoc|x64.ActiveCfg = Release|x64
		{4C3AAD3A-ACE5-4C2B-9111-B16B416BF4CD}.Ad-Hoc|x64.Build.0 = Release|x64
		{4C3AAD3A-ACE5-4C2B-9111-B16B416BF4CD}.Ad-Hoc|x64.Deploy.0 = Release|x64
		{4C3AAD3A-ACE5-4C2B-9111-B16B416BF4CD}.Ad-Hoc|x86.ActiveCfg = Release|x86
		{4C3AAD3A-ACE5-4C2B-9111-B16B416BF4CD}.Ad-Hoc|x86.Build.0 = Release|x86
		{4C3AAD3A-ACE5-4C2B-9111-B16B416BF4CD}.Ad-Hoc|x86.Deploy.0 = Release|x86
		{4C3AAD3A-ACE5-4C2B-9111-B16B416BF4CD}.AppStore|Any CPU.ActiveCfg = Release|x86
		{4C3AAD3A-ACE5-4C2B-9111-B16B416BF4CD}.AppStore|Any CPU.Build.0 = Release|x86
		{4C3AAD3A-ACE5-4C2B-9111-B16B416BF4CD}.AppStore|Any CPU.Deploy.0 = Release|x86
		{4C3AAD3A-ACE5-4C2B-9111-B16B416BF4CD}.AppStore|ARM.ActiveCfg = Release|ARM
		{4C3AAD3A-ACE5-4C2B-9111-B16B416BF4CD}.AppStore|ARM.Build.0 = Release|ARM
		{4C3AAD3A-ACE5-4C2B-9111-B16B416BF4CD}.AppStore|ARM.Deploy.0 = Release|ARM
		{4C3AAD3A-ACE5-4C2B-9111-B16B416BF4CD}.AppStore|iPhone.ActiveCfg = Release|x86
		{4C3AAD3A-ACE5-4C2B-9111-B16B416BF4CD}.AppStore|iPhone.Build.0 = Release|x86
		{4C3AAD3A-ACE5-4C2B-9111-B16B416BF4CD}.AppStore|iPhone.Deploy.0 = Release|x86
		{4C3AAD3A-ACE5-4C2B-9111-B16B416BF4CD}.AppStore|iPhoneSimulator.ActiveCfg = Release|x86
		{4C3AAD3A-ACE5-4C2B-9111-B16B416BF4CD}.AppStore|iPhoneSimulator.Build.0 = Release|x86
		{4C3AAD3A-ACE5-4C2B-9111-B16B416BF4CD}.AppStore|iPhoneSimulator.Deploy.0 = Release|x86
		{4C3AAD3A-ACE5-4C2B-9111-B16B416BF4CD}.AppStore|x64.ActiveCfg = Release|x64
		{4C3AAD3A-ACE5-4C2B-9111-B16B416BF4CD}.AppStore|x64.Build.0 = Release|x64
		{4C3AAD3A-ACE5-4C2B-9111-B16B416BF4CD}.AppStore|x64.Deploy.0 = Release|x64
		{4C3AAD3A-ACE5-4C2B-9111-B16B416BF4CD}.AppStore|x86.ActiveCfg = Release|x86
		{4C3AAD3A-ACE5-4C2B-9111-B16B416BF4CD}.AppStore|x86.Build.0 = Release|x86
		{4C3AAD3A-ACE5-4C2B-9111-B16B416BF4CD}.AppStore|x86.Deploy.0 = Release|x86
		{4C3AAD3A-ACE5-4C2B-9111-B16B416BF4CD}.Debug|Any CPU.ActiveCfg = Debug|x86
		{4C3AAD3A-ACE5-4C2B-9111-B16B416BF4CD}.Debug|ARM.ActiveCfg = Debug|ARM
		{4C3AAD3A-ACE5-4C2B-9111-B16B416BF4CD}.Debug|ARM.Build.0 = Debug|ARM
		{4C3AAD3A-ACE5-4C2B-9111-B16B416BF4CD}.Debug|ARM.Deploy.0 = Debug|ARM
		{4C3AAD3A-ACE5-4C2B-9111-B16B416BF4CD}.Debug|iPhone.ActiveCfg = Debug|x86
		{4C3AAD3A-ACE5-4C2B-9111-B16B416BF4CD}.Debug|iPhoneSimulator.ActiveCfg = Debug|x86
		{4C3AAD3A-ACE5-4C2B-9111-B16B416BF4CD}.Debug|x64.ActiveCfg = Debug|x64
		{4C3AAD3A-ACE5-4C2B-9111-B16B416BF4CD}.Debug|x64.Build.0 = Debug|x64
		{4C3AAD3A-ACE5-4C2B-9111-B16B416BF4CD}.Debug|x64.Deploy.0 = Debug|x64
		{4C3AAD3A-ACE5-4C2B-9111-B16B416BF4CD}.Debug|x86.ActiveCfg = Debug|x86
		{4C3AAD3A-ACE5-4C2B-9111-B16B416BF4CD}.Debug|x86.Build.0 = Debug|x86
		{4C3AAD3A-ACE5-4C2B-9111-B16B416BF4CD}.Debug|x86.Deploy.0 = Debug|x86
		{4C3AAD3A-ACE5-4C2B-9111-B16B416BF4CD}.Release|Any CPU.ActiveCfg = Release|x86
		{4C3AAD3A-ACE5-4C2B-9111-B16B416BF4CD}.Release|ARM.ActiveCfg = Release|ARM
		{4C3AAD3A-ACE5-4C2B-9111-B16B416BF4CD}.Release|ARM.Build.0 = Release|ARM
		{4C3AAD3A-ACE5-4C2B-9111-B16B416BF4CD}.Release|ARM.Deploy.0 = Release|ARM
		{4C3AAD3A-ACE5-4C2B-9111-B16B416BF4CD}.Release|iPhone.ActiveCfg = Release|x86
		{4C3AAD3A-ACE5-4C2B-9111-B16B416BF4CD}.Release|iPhoneSimulator.ActiveCfg = Release|x86
		{4C3AAD3A-ACE5-4C2B-9111-B16B416BF4CD}.Release|x64.ActiveCfg = Release|x64
		{4C3AAD3A-ACE5-4C2B-9111-B16B416BF4CD}.Release|x64.Build.0 = Release|x64
		{4C3AAD3A-ACE5-4C2B-9111-B16B416BF4CD}.Release|x64.Deploy.0 = Release|x64
		{4C3AAD3A-ACE5-4C2B-9111-B16B416BF4CD}.Release|x86.ActiveCfg = Release|x86
		{4C3AAD3A-ACE5-4C2B-9111-B16B416BF4CD}.Release|x86.Build.0 = Release|x86
		{4C3AAD3A-ACE5-4C2B-9111-B16B416BF4CD}.Release|x86.Deploy.0 = Release|x86
	EndGlobalSection
	GlobalSection(SolutionProperties) = preSolution
		HideSolutionNode = FALSE
	EndGlobalSection
	GlobalSection(ExtensibilityGlobals) = postSolution
		SolutionGuid = {02EBE0D0-F43F-4EF1-8E95-9996040996FA}
	EndGlobalSection
EndGlobal
